
Microsoft Visual Studio Solution File, Format Version 12.00
# Visual Studio 15
VisualStudioVersion = 15.0.28010.2026
MinimumVisualStudioVersion = 10.0.40219.1
Project("{FAE04EC0-301F-11D3-BF4B-00C04F79EFBC}") = "ScoreManagement", "ScoreManagement\ScoreManagement.csproj", "{B7E7FD02-F9E8-41B2-9BB7-4D0AD9484402}"
EndProject
Global
	GlobalSection(SolutionConfigurationPlatforms) = preSolution
		Debug|Any CPU = Debug|Any CPU
		Release|Any CPU = Release|Any CPU
	EndGlobalSection
	GlobalSection(ProjectConfigurationPlatforms) = postSolution
		{B7E7FD02-F9E8-41B2-9BB7-4D0AD9484402}.Debug|Any CPU.ActiveCfg = Debug|Any CPU
		{B7E7FD02-F9E8-41B2-9BB7-4D0AD9484402}.Debug|Any CPU.Build.0 = Debug|Any CPU
		{B7E7FD02-F9E8-41B2-9BB7-4D0AD9484402}.Release|Any CPU.ActiveCfg = Release|Any CPU
		{B7E7FD02-F9E8-41B2-9BB7-4D0AD9484402}.Release|Any CPU.Build.0 = Release|Any CPU
	EndGlobalSection
	GlobalSection(SolutionProperties) = preSolution
		HideSolutionNode = FALSE
	EndGlobalSection
	GlobalSection(ExtensibilityGlobals) = postSolution
		SolutionGuid = {00339B8A-3E4E-4428-83BF-9089165D1B6B}
	EndGlobalSection
EndGlobal
